
Microsoft Visual Studio Solution File, Format Version 12.00
# Visual Studio 15
VisualStudioVersion = 15.0.28010.2026
MinimumVisualStudioVersion = 10.0.40219.1
Project("{FAE04EC0-301F-11D3-BF4B-00C04F79EFBC}") = "gcd", "gcd\gcd.csproj", "{BC4546ED-63CC-4F09-B99D-4D05822BD4C9}"
EndProject
Global
	GlobalSection(SolutionConfigurationPlatforms) = preSolution
		Debug|Any CPU = Debug|Any CPU
		Release|Any CPU = Release|Any CPU
	EndGlobalSection
	GlobalSection(ProjectConfigurationPlatforms) = postSolution
		{BC4546ED-63CC-4F09-B99D-4D05822BD4C9}.Debug|Any CPU.ActiveCfg = Debug|Any CPU
		{BC4546ED-63CC-4F09-B99D-4D05822BD4C9}.Debug|Any CPU.Build.0 = Debug|Any CPU
		{BC4546ED-63CC-4F09-B99D-4D05822BD4C9}.Release|Any CPU.ActiveCfg = Release|Any CPU
		{BC4546ED-63CC-4F09-B99D-4D05822BD4C9}.Release|Any CPU.Build.0 = Release|Any CPU
	EndGlobalSection
	GlobalSection(SolutionProperties) = preSolution
		HideSolutionNode = FALSE
	EndGlobalSection
	GlobalSection(ExtensibilityGlobals) = postSolution
		SolutionGuid = {31D98679-FA87-40B8-BF20-4D5FD41D85F5}
	EndGlobalSection
EndGlobal
