
Microsoft Visual Studio Solution File, Format Version 12.00
# Visual Studio 15
VisualStudioVersion = 15.0.28010.2026
MinimumVisualStudioVersion = 10.0.40219.1
Project("{FAE04EC0-301F-11D3-BF4B-00C04F79EFBC}") = "DirPrinter", "DirPrinter\DirPrinter.csproj", "{D1F5EAAE-8F79-4A34-92F5-4FAF8D8D2F11}"
EndProject
Global
	GlobalSection(SolutionConfigurationPlatforms) = preSolution
		Debug|Any CPU = Debug|Any CPU
		Release|Any CPU = Release|Any CPU
	EndGlobalSection
	GlobalSection(ProjectConfigurationPlatforms) = postSolution
		{D1F5EAAE-8F79-4A34-92F5-4FAF8D8D2F11}.Debug|Any CPU.ActiveCfg = Debug|Any CPU
		{D1F5EAAE-8F79-4A34-92F5-4FAF8D8D2F11}.Debug|Any CPU.Build.0 = Debug|Any CPU
		{D1F5EAAE-8F79-4A34-92F5-4FAF8D8D2F11}.Release|Any CPU.ActiveCfg = Release|Any CPU
		{D1F5EAAE-8F79-4A34-92F5-4FAF8D8D2F11}.Release|Any CPU.Build.0 = Release|Any CPU
	EndGlobalSection
	GlobalSection(SolutionProperties) = preSolution
		HideSolutionNode = FALSE
	EndGlobalSection
	GlobalSection(ExtensibilityGlobals) = postSolution
		SolutionGuid = {432E6595-DD8E-46CC-BD66-2A7F61FDF51A}
	EndGlobalSection
EndGlobal
